
Microsoft Visual Studio Solution File, Format Version 12.00
# Visual Studio Version 17
VisualStudioVersion = 17.2.32616.157
MinimumVisualStudioVersion = 10.0.40219.1
Project("{FAE04EC0-301F-11D3-BF4B-00C04F79EFBC}") = "Milestone_Inventory_Application", "Milestone_Inventory_Application\Milestone_Inventory_Application.csproj", "{92FF7F6F-4F8B-4137-9117-D1701617052C}"
EndProject
Global
	GlobalSection(SolutionConfigurationPlatforms) = preSolution
		Debug|Any CPU = Debug|Any CPU
		Release|Any CPU = Release|Any CPU
	EndGlobalSection
	GlobalSection(ProjectConfigurationPlatforms) = postSolution
		{92FF7F6F-4F8B-4137-9117-D1701617052C}.Debug|Any CPU.ActiveCfg = Debug|Any CPU
		{92FF7F6F-4F8B-4137-9117-D1701617052C}.Debug|Any CPU.Build.0 = Debug|Any CPU
		{92FF7F6F-4F8B-4137-9117-D1701617052C}.Release|Any CPU.ActiveCfg = Release|Any CPU
		{92FF7F6F-4F8B-4137-9117-D1701617052C}.Release|Any CPU.Build.0 = Release|Any CPU
	EndGlobalSection
	GlobalSection(SolutionProperties) = preSolution
		HideSolutionNode = FALSE
	EndGlobalSection
	GlobalSection(ExtensibilityGlobals) = postSolution
		SolutionGuid = {4C04950E-583A-43D5-8B82-3A582828191D}
	EndGlobalSection
EndGlobal
